
Microsoft Visual Studio Solution File, Format Version 12.00
# Visual Studio Version 16
VisualStudioVersion = 16.0.30804.86
MinimumVisualStudioVersion = 10.0.40219.1
Project("{2150E333-8FDC-42A3-9474-1A3956D46DE8}") = "Estoque", "Estoque", "{CD2E6706-C8A2-46ED-9C0B-E21D7B2F6089}"
EndProject
Project("{2150E333-8FDC-42A3-9474-1A3956D46DE8}") = "Venda", "Venda", "{D8BAE0C6-CA61-4EFE-934B-5C3633815FFB}"
EndProject
Project("{2150E333-8FDC-42A3-9474-1A3956D46DE8}") = "0 - Intra", "0 - Intra", "{E5C3A072-C2FE-4BB8-BE9E-FED12E51C9BD}"
EndProject
Project("{2150E333-8FDC-42A3-9474-1A3956D46DE8}") = "1 - Presentation", "1 - Presentation", "{4A3E4A02-A5B0-4150-B3E7-A74796B101AD}"
EndProject
Project("{2150E333-8FDC-42A3-9474-1A3956D46DE8}") = "2 - Service", "2 - Service", "{ED3EDEEB-B830-4FE5-81D1-795C6FC8C951}"
EndProject
Project("{2150E333-8FDC-42A3-9474-1A3956D46DE8}") = "3 - Application", "3 - Application", "{40635382-B48C-4962-981F-3EEA59ECDD05}"
EndProject
Project("{2150E333-8FDC-42A3-9474-1A3956D46DE8}") = "4 - Domain", "4 - Domain", "{FC6C1B15-5B01-49B2-BABB-0679212D4B28}"
EndProject
Project("{2150E333-8FDC-42A3-9474-1A3956D46DE8}") = "5 - Infra", "5 - Infra", "{6638B771-D659-4D62-A2E2-B22996E70BF2}"
EndProject
Project("{2150E333-8FDC-42A3-9474-1A3956D46DE8}") = "0 - Intra", "0 - Intra", "{B888BA2F-DA26-4586-873F-A9007E2C0C7F}"
EndProject
Project("{2150E333-8FDC-42A3-9474-1A3956D46DE8}") = "1 - Presentation", "1 - Presentation", "{A1D657B8-2E84-4DB6-819B-5E0E42414B74}"
EndProject
Project("{2150E333-8FDC-42A3-9474-1A3956D46DE8}") = "2 - Service", "2 - Service", "{C6901999-67FC-426C-8A50-1BFF384CEC60}"
EndProject
Project("{2150E333-8FDC-42A3-9474-1A3956D46DE8}") = "3 - Application", "3 - Application", "{568CC996-8A59-4113-95E0-B7314AC3B532}"
EndProject
Project("{2150E333-8FDC-42A3-9474-1A3956D46DE8}") = "4 - Domain", "4 - Domain", "{E6ACD3FB-968D-486B-8841-B0DAE34C1E3B}"
EndProject
Project("{2150E333-8FDC-42A3-9474-1A3956D46DE8}") = "5 - Infra", "5 - Infra", "{5E535089-36AD-4827-8C45-1DEA4E872FC0}"
EndProject
Project("{FAE04EC0-301F-11D3-BF4B-00C04F79EFBC}") = "Estoque.Application", "ControleEstoque\Estoque.Application\Estoque.Application.csproj", "{B603D9C7-9E59-4CF1-85B9-D248151AE1CA}"
EndProject
Project("{FAE04EC0-301F-11D3-BF4B-00C04F79EFBC}") = "Estoque.Domain", "ControleEstoque\Estoque.Domain\Estoque.Domain.csproj", "{975D6D9D-8C3F-4917-B5AC-5133DC57043C}"
EndProject
Project("{FAE04EC0-301F-11D3-BF4B-00C04F79EFBC}") = "Estoque.Domain.Core", "ControleEstoque\Estoque.Domain.Core\Estoque.Domain.Core.csproj", "{2BB76F49-8273-4B5D-B172-F865B15F0BDC}"
EndProject
Project("{2150E333-8FDC-42A3-9474-1A3956D46DE8}") = "5.1 - Data", "5.1 - Data", "{A0CF5767-B98A-4468-A64E-A48B38EE4B08}"
EndProject
Project("{2150E333-8FDC-42A3-9474-1A3956D46DE8}") = "5.2 - CrossCutting", "5.2 - CrossCutting", "{04F2159E-1CC9-442F-BD18-C4EA210C74B2}"
EndProject
Project("{2150E333-8FDC-42A3-9474-1A3956D46DE8}") = "5.2 - CrossCutting", "5.2 - CrossCutting", "{367837E7-396E-4C23-9040-EA1C5415994B}"
EndProject
Project("{2150E333-8FDC-42A3-9474-1A3956D46DE8}") = "5.1 - Data", "5.1 - Data", "{8C1BC9CE-C061-4B1C-8ADE-E951601D95E1}"
EndProject
Project("{FAE04EC0-301F-11D3-BF4B-00C04F79EFBC}") = "Estoque.Infra.CrossCutting.Bus", "ControleEstoque\Estoque.Infra.CrossCutting.Bus\Estoque.Infra.CrossCutting.Bus.csproj", "{737C30ED-5B3D-489B-B1EE-BBC33C75C7F5}"
EndProject
Project("{FAE04EC0-301F-11D3-BF4B-00C04F79EFBC}") = "Estoque.Infra.CrossCutting.Identity", "ControleEstoque\Estoque.Infra.CrossCutting.Identity\Estoque.Infra.CrossCutting.Identity.csproj", "{520A4617-8AD0-42A2-9AEA-4DCFF915559D}"
EndProject
Project("{FAE04EC0-301F-11D3-BF4B-00C04F79EFBC}") = "Estoque.Infra.CrossCutting.IoC", "ControleEstoque\Estoque.Infra.CrossCutting.IoC\Estoque.Infra.CrossCutting.IoC.csproj", "{C7E850EC-2B6B-4B7B-BA2C-E36BDC8BD45F}"
EndProject
Project("{FAE04EC0-301F-11D3-BF4B-00C04F79EFBC}") = "Estoque.Infra.Data", "ControleEstoque\Estoque.Infra.Data\Estoque.Infra.Data.csproj", "{C87225A4-F43A-465F-9D82-7CC9E8B16D66}"
EndProject
Project("{FAE04EC0-301F-11D3-BF4B-00C04F79EFBC}") = "Venda.Application", "ControleVenda\Venda.Application\Venda.Application.csproj", "{FE27B40A-8608-4AD7-ABBB-C301C8B25098}"
EndProject
Project("{FAE04EC0-301F-11D3-BF4B-00C04F79EFBC}") = "Venda.Domain", "ControleVenda\Venda.Domain\Venda.Domain.csproj", "{87938D09-2983-46BE-8847-4443ABA7F2B0}"
EndProject
Project("{FAE04EC0-301F-11D3-BF4B-00C04F79EFBC}") = "Venda.Domain.Core", "ControleVenda\Venda.Domain.Core\Venda.Domain.Core.csproj", "{5DCE6ED6-BCEF-4193-9C3D-2EAC66772C70}"
EndProject
Project("{FAE04EC0-301F-11D3-BF4B-00C04F79EFBC}") = "Venda.Infra.CrossCutting.Bus", "ControleVenda\Venda.Infra.CrossCutting.Bus\Venda.Infra.CrossCutting.Bus.csproj", "{542A881D-1A70-494B-8D8C-90469419226F}"
EndProject
Project("{FAE04EC0-301F-11D3-BF4B-00C04F79EFBC}") = "Venda.Infra.CrossCutting.Identity", "ControleVenda\Venda.Infra.CrossCutting.Identity\Venda.Infra.CrossCutting.Identity.csproj", "{BC0BFA0F-B1A8-47CC-AB12-E0AE8B99FB3D}"
EndProject
Project("{FAE04EC0-301F-11D3-BF4B-00C04F79EFBC}") = "Venda.Infra.CrossCutting.IoC", "ControleVenda\Venda.Infra.CrossCutting.IoC\Venda.Infra.CrossCutting.IoC.csproj", "{83DFEA44-2677-4615-851D-94E970DEA0C5}"
EndProject
Project("{FAE04EC0-301F-11D3-BF4B-00C04F79EFBC}") = "Venda.Infra.Data", "ControleVenda\Venda.Infra.Data\Venda.Infra.Data.csproj", "{0C0203DC-3CE6-4006-84BF-3E87DABC407D}"
EndProject
Project("{FAE04EC0-301F-11D3-BF4B-00C04F79EFBC}") = "Estoque.Services.Api", "ControleEstoque\Estoque.Services.Api\Estoque.Services.Api.csproj", "{39EB40B3-7B0D-4FBF-8D04-4C9FE9526FFE}"
EndProject
Project("{FAE04EC0-301F-11D3-BF4B-00C04F79EFBC}") = "Venda.Services.Api", "ControleVenda\Venda.Services.Api\Venda.Services.Api.csproj", "{C212CC16-9CA2-4556-9D5C-E48E010D1C40}"
EndProject
Global
	GlobalSection(SolutionConfigurationPlatforms) = preSolution
		Debug|Any CPU = Debug|Any CPU
		Release|Any CPU = Release|Any CPU
	EndGlobalSection
	GlobalSection(ProjectConfigurationPlatforms) = postSolution
		{B603D9C7-9E59-4CF1-85B9-D248151AE1CA}.Debug|Any CPU.ActiveCfg = Debug|Any CPU
		{B603D9C7-9E59-4CF1-85B9-D248151AE1CA}.Debug|Any CPU.Build.0 = Debug|Any CPU
		{B603D9C7-9E59-4CF1-85B9-D248151AE1CA}.Release|Any CPU.ActiveCfg = Release|Any CPU
		{B603D9C7-9E59-4CF1-85B9-D248151AE1CA}.Release|Any CPU.Build.0 = Release|Any CPU
		{975D6D9D-8C3F-4917-B5AC-5133DC57043C}.Debug|Any CPU.ActiveCfg = Debug|Any CPU
		{975D6D9D-8C3F-4917-B5AC-5133DC57043C}.Debug|Any CPU.Build.0 = Debug|Any CPU
		{975D6D9D-8C3F-4917-B5AC-5133DC57043C}.Release|Any CPU.ActiveCfg = Release|Any CPU
		{975D6D9D-8C3F-4917-B5AC-5133DC57043C}.Release|Any CPU.Build.0 = Release|Any CPU
		{2BB76F49-8273-4B5D-B172-F865B15F0BDC}.Debug|Any CPU.ActiveCfg = Debug|Any CPU
		{2BB76F49-8273-4B5D-B172-F865B15F0BDC}.Debug|Any CPU.Build.0 = Debug|Any CPU
		{2BB76F49-8273-4B5D-B172-F865B15F0BDC}.Release|Any CPU.ActiveCfg = Release|Any CPU
		{2BB76F49-8273-4B5D-B172-F865B15F0BDC}.Release|Any CPU.Build.0 = Release|Any CPU
		{737C30ED-5B3D-489B-B1EE-BBC33C75C7F5}.Debug|Any CPU.ActiveCfg = Debug|Any CPU
		{737C30ED-5B3D-489B-B1EE-BBC33C75C7F5}.Debug|Any CPU.Build.0 = Debug|Any CPU
		{737C30ED-5B3D-489B-B1EE-BBC33C75C7F5}.Release|Any CPU.ActiveCfg = Release|Any CPU
		{737C30ED-5B3D-489B-B1EE-BBC33C75C7F5}.Release|Any CPU.Build.0 = Release|Any CPU
		{520A4617-8AD0-42A2-9AEA-4DCFF915559D}.Debug|Any CPU.ActiveCfg = Debug|Any CPU
		{520A4617-8AD0-42A2-9AEA-4DCFF915559D}.Debug|Any CPU.Build.0 = Debug|Any CPU
		{520A4617-8AD0-42A2-9AEA-4DCFF915559D}.Release|Any CPU.ActiveCfg = Release|Any CPU
		{520A4617-8AD0-42A2-9AEA-4DCFF915559D}.Release|Any CPU.Build.0 = Release|Any CPU
		{C7E850EC-2B6B-4B7B-BA2C-E36BDC8BD45F}.Debug|Any CPU.ActiveCfg = Debug|Any CPU
		{C7E850EC-2B6B-4B7B-BA2C-E36BDC8BD45F}.Debug|Any CPU.Build.0 = Debug|Any CPU
		{C7E850EC-2B6B-4B7B-BA2C-E36BDC8BD45F}.Release|Any CPU.ActiveCfg = Release|Any CPU
		{C7E850EC-2B6B-4B7B-BA2C-E36BDC8BD45F}.Release|Any CPU.Build.0 = Release|Any CPU
		{C87225A4-F43A-465F-9D82-7CC9E8B16D66}.Debug|Any CPU.ActiveCfg = Debug|Any CPU
		{C87225A4-F43A-465F-9D82-7CC9E8B16D66}.Debug|Any CPU.Build.0 = Debug|Any CPU
		{C87225A4-F43A-465F-9D82-7CC9E8B16D66}.Release|Any CPU.ActiveCfg = Release|Any CPU
		{C87225A4-F43A-465F-9D82-7CC9E8B16D66}.Release|Any CPU.Build.0 = Release|Any CPU
		{FE27B40A-8608-4AD7-ABBB-C301C8B25098}.Debug|Any CPU.ActiveCfg = Debug|Any CPU
		{FE27B40A-8608-4AD7-ABBB-C301C8B25098}.Debug|Any CPU.Build.0 = Debug|Any CPU
		{FE27B40A-8608-4AD7-ABBB-C301C8B25098}.Release|Any CPU.ActiveCfg = Release|Any CPU
		{FE27B40A-8608-4AD7-ABBB-C301C8B25098}.Release|Any CPU.Build.0 = Release|Any CPU
		{87938D09-2983-46BE-8847-4443ABA7F2B0}.Debug|Any CPU.ActiveCfg = Debug|Any CPU
		{87938D09-2983-46BE-8847-4443ABA7F2B0}.Debug|Any CPU.Build.0 = Debug|Any CPU
		{87938D09-2983-46BE-8847-4443ABA7F2B0}.Release|Any CPU.ActiveCfg = Release|Any CPU
		{87938D09-2983-46BE-8847-4443ABA7F2B0}.Release|Any CPU.Build.0 = Release|Any CPU
		{5DCE6ED6-BCEF-4193-9C3D-2EAC66772C70}.Debug|Any CPU.ActiveCfg = Debug|Any CPU
		{5DCE6ED6-BCEF-4193-9C3D-2EAC66772C70}.Debug|Any CPU.Build.0 = Debug|Any CPU
		{5DCE6ED6-BCEF-4193-9C3D-2EAC66772C70}.Release|Any CPU.ActiveCfg = Release|Any CPU
		{5DCE6ED6-BCEF-4193-9C3D-2EAC66772C70}.Release|Any CPU.Build.0 = Release|Any CPU
		{542A881D-1A70-494B-8D8C-90469419226F}.Debug|Any CPU.ActiveCfg = Debug|Any CPU
		{542A881D-1A70-494B-8D8C-90469419226F}.Debug|Any CPU.Build.0 = Debug|Any CPU
		{542A881D-1A70-494B-8D8C-90469419226F}.Release|Any CPU.ActiveCfg = Release|Any CPU
		{542A881D-1A70-494B-8D8C-90469419226F}.Release|Any CPU.Build.0 = Release|Any CPU
		{BC0BFA0F-B1A8-47CC-AB12-E0AE8B99FB3D}.Debug|Any CPU.ActiveCfg = Debug|Any CPU
		{BC0BFA0F-B1A8-47CC-AB12-E0AE8B99FB3D}.Debug|Any CPU.Build.0 = Debug|Any CPU
		{BC0BFA0F-B1A8-47CC-AB12-E0AE8B99FB3D}.Release|Any CPU.ActiveCfg = Release|Any CPU
		{BC0BFA0F-B1A8-47CC-AB12-E0AE8B99FB3D}.Release|Any CPU.Build.0 = Release|Any CPU
		{83DFEA44-2677-4615-851D-94E970DEA0C5}.Debug|Any CPU.ActiveCfg = Debug|Any CPU
		{83DFEA44-2677-4615-851D-94E970DEA0C5}.Debug|Any CPU.Build.0 = Debug|Any CPU
		{83DFEA44-2677-4615-851D-94E970DEA0C5}.Release|Any CPU.ActiveCfg = Release|Any CPU
		{83DFEA44-2677-4615-851D-94E970DEA0C5}.Release|Any CPU.Build.0 = Release|Any CPU
		{0C0203DC-3CE6-4006-84BF-3E87DABC407D}.Debug|Any CPU.ActiveCfg = Debug|Any CPU
		{0C0203DC-3CE6-4006-84BF-3E87DABC407D}.Debug|Any CPU.Build.0 = Debug|Any CPU
		{0C0203DC-3CE6-4006-84BF-3E87DABC407D}.Release|Any CPU.ActiveCfg = Release|Any CPU
		{0C0203DC-3CE6-4006-84BF-3E87DABC407D}.Release|Any CPU.Build.0 = Release|Any CPU
		{39EB40B3-7B0D-4FBF-8D04-4C9FE9526FFE}.Debug|Any CPU.ActiveCfg = Debug|Any CPU
		{39EB40B3-7B0D-4FBF-8D04-4C9FE9526FFE}.Debug|Any CPU.Build.0 = Debug|Any CPU
		{39EB40B3-7B0D-4FBF-8D04-4C9FE9526FFE}.Release|Any CPU.ActiveCfg = Release|Any CPU
		{39EB40B3-7B0D-4FBF-8D04-4C9FE9526FFE}.Release|Any CPU.Build.0 = Release|Any CPU
		{C212CC16-9CA2-4556-9D5C-E48E010D1C40}.Debug|Any CPU.ActiveCfg = Debug|Any CPU
		{C212CC16-9CA2-4556-9D5C-E48E010D1C40}.Debug|Any CPU.Build.0 = Debug|Any CPU
		{C212CC16-9CA2-4556-9D5C-E48E010D1C40}.Release|Any CPU.ActiveCfg = Release|Any CPU
		{C212CC16-9CA2-4556-9D5C-E48E010D1C40}.Release|Any CPU.Build.0 = Release|Any CPU
	EndGlobalSection
	GlobalSection(SolutionProperties) = preSolution
		HideSolutionNode = FALSE
	EndGlobalSection
	GlobalSection(NestedProjects) = preSolution
		{E5C3A072-C2FE-4BB8-BE9E-FED12E51C9BD} = {CD2E6706-C8A2-46ED-9C0B-E21D7B2F6089}
		{4A3E4A02-A5B0-4150-B3E7-A74796B101AD} = {CD2E6706-C8A2-46ED-9C0B-E21D7B2F6089}
		{ED3EDEEB-B830-4FE5-81D1-795C6FC8C951} = {CD2E6706-C8A2-46ED-9C0B-E21D7B2F6089}
		{40635382-B48C-4962-981F-3EEA59ECDD05} = {CD2E6706-C8A2-46ED-9C0B-E21D7B2F6089}
		{FC6C1B15-5B01-49B2-BABB-0679212D4B28} = {CD2E6706-C8A2-46ED-9C0B-E21D7B2F6089}
		{6638B771-D659-4D62-A2E2-B22996E70BF2} = {CD2E6706-C8A2-46ED-9C0B-E21D7B2F6089}
		{B888BA2F-DA26-4586-873F-A9007E2C0C7F} = {D8BAE0C6-CA61-4EFE-934B-5C3633815FFB}
		{A1D657B8-2E84-4DB6-819B-5E0E42414B74} = {D8BAE0C6-CA61-4EFE-934B-5C3633815FFB}
		{C6901999-67FC-426C-8A50-1BFF384CEC60} = {D8BAE0C6-CA61-4EFE-934B-5C3633815FFB}
		{568CC996-8A59-4113-95E0-B7314AC3B532} = {D8BAE0C6-CA61-4EFE-934B-5C3633815FFB}
		{E6ACD3FB-968D-486B-8841-B0DAE34C1E3B} = {D8BAE0C6-CA61-4EFE-934B-5C3633815FFB}
		{5E535089-36AD-4827-8C45-1DEA4E872FC0} = {D8BAE0C6-CA61-4EFE-934B-5C3633815FFB}
		{B603D9C7-9E59-4CF1-85B9-D248151AE1CA} = {40635382-B48C-4962-981F-3EEA59ECDD05}
		{975D6D9D-8C3F-4917-B5AC-5133DC57043C} = {FC6C1B15-5B01-49B2-BABB-0679212D4B28}
		{2BB76F49-8273-4B5D-B172-F865B15F0BDC} = {FC6C1B15-5B01-49B2-BABB-0679212D4B28}
		{A0CF5767-B98A-4468-A64E-A48B38EE4B08} = {6638B771-D659-4D62-A2E2-B22996E70BF2}
		{04F2159E-1CC9-442F-BD18-C4EA210C74B2} = {6638B771-D659-4D62-A2E2-B22996E70BF2}
		{367837E7-396E-4C23-9040-EA1C5415994B} = {5E535089-36AD-4827-8C45-1DEA4E872FC0}
		{8C1BC9CE-C061-4B1C-8ADE-E951601D95E1} = {5E535089-36AD-4827-8C45-1DEA4E872FC0}
		{737C30ED-5B3D-489B-B1EE-BBC33C75C7F5} = {04F2159E-1CC9-442F-BD18-C4EA210C74B2}
		{520A4617-8AD0-42A2-9AEA-4DCFF915559D} = {04F2159E-1CC9-442F-BD18-C4EA210C74B2}
		{C7E850EC-2B6B-4B7B-BA2C-E36BDC8BD45F} = {04F2159E-1CC9-442F-BD18-C4EA210C74B2}
		{C87225A4-F43A-465F-9D82-7CC9E8B16D66} = {A0CF5767-B98A-4468-A64E-A48B38EE4B08}
		{FE27B40A-8608-4AD7-ABBB-C301C8B25098} = {568CC996-8A59-4113-95E0-B7314AC3B532}
		{87938D09-2983-46BE-8847-4443ABA7F2B0} = {E6ACD3FB-968D-486B-8841-B0DAE34C1E3B}
		{5DCE6ED6-BCEF-4193-9C3D-2EAC66772C70} = {E6ACD3FB-968D-486B-8841-B0DAE34C1E3B}
		{542A881D-1A70-494B-8D8C-90469419226F} = {367837E7-396E-4C23-9040-EA1C5415994B}
		{BC0BFA0F-B1A8-47CC-AB12-E0AE8B99FB3D} = {367837E7-396E-4C23-9040-EA1C5415994B}
		{83DFEA44-2677-4615-851D-94E970DEA0C5} = {367837E7-396E-4C23-9040-EA1C5415994B}
		{0C0203DC-3CE6-4006-84BF-3E87DABC407D} = {8C1BC9CE-C061-4B1C-8ADE-E951601D95E1}
		{39EB40B3-7B0D-4FBF-8D04-4C9FE9526FFE} = {ED3EDEEB-B830-4FE5-81D1-795C6FC8C951}
		{C212CC16-9CA2-4556-9D5C-E48E010D1C40} = {C6901999-67FC-426C-8A50-1BFF384CEC60}
	EndGlobalSection
	GlobalSection(ExtensibilityGlobals) = postSolution
		SolutionGuid = {A12BB9D6-CE65-406D-A7FD-D6998F665703}
	EndGlobalSection
EndGlobal
